
Microsoft Visual Studio Solution File, Format Version 12.00
# Visual Studio 14
VisualStudioVersion = 14.0.25420.1
MinimumVisualStudioVersion = 10.0.40219.1
Project("{8BC9CEB8-8B4A-11D0-8D11-00A0C91BC942}") = "HelloWorld", "cw01\cw01.vcxproj", "{D2FA5788-3C6D-47BA-9337-95151C8E31F8}"
EndProject
Project("{8BC9CEB8-8B4A-11D0-8D11-00A0C91BC942}") = "Zadanie2", "Zadanie2\Zadanie2.vcxproj", "{6DE771D8-0834-44C0-A255-AF60536D7D13}"
EndProject
Project("{8BC9CEB8-8B4A-11D0-8D11-00A0C91BC942}") = "Zadanie3", "Zadanie3\Zadanie3.vcxproj", "{B86EAF58-19E1-4593-9DE2-C07C6EBFC939}"
EndProject
Project("{8BC9CEB8-8B4A-11D0-8D11-00A0C91BC942}") = "Zadanie4", "Zadanie4\Zadanie4.vcxproj", "{5F010A3B-8D21-487A-AE2E-C8BB0F1D5062}"
EndProject
Project("{8BC9CEB8-8B4A-11D0-8D11-00A0C91BC942}") = "Zadanie5", "Zadanie5\Zadanie5.vcxproj", "{91D82843-182F-4C5B-A652-6F2D32FEC09D}"
EndProject
Project("{8BC9CEB8-8B4A-11D0-8D11-00A0C91BC942}") = "Zadanie6", "Zadanie6\Zadanie6.vcxproj", "{7DD17C05-D956-4AD5-88E6-3EE72BFEB8A3}"
EndProject
Project("{8BC9CEB8-8B4A-11D0-8D11-00A0C91BC942}") = "Preprocesor", "Preprocesor\Preprocesor.vcxproj", "{06B4A4F1-E9ED-4228-90C9-00E3D6EC8CDA}"
EndProject
Project("{8BC9CEB8-8B4A-11D0-8D11-00A0C91BC942}") = "Zadanie7", "Zadanie7\Zadanie7.vcxproj", "{F171F799-1E35-49E4-8919-9999FFE3433A}"
EndProject
Project("{8BC9CEB8-8B4A-11D0-8D11-00A0C91BC942}") = "Zadanie8", "Zadanie8\Zadanie8.vcxproj", "{6E67CF83-7FB1-42B2-A4AC-1CA600130421}"
EndProject
Project("{8BC9CEB8-8B4A-11D0-8D11-00A0C91BC942}") = "Zadanie9", "Zadanie9\Zadanie9.vcxproj", "{C0079451-24A6-44DA-9442-37E185FFC6B9}"
EndProject
Project("{8BC9CEB8-8B4A-11D0-8D11-00A0C91BC942}") = "Zadanie10", "Zadanie10\Zadanie10.vcxproj", "{64637E67-0B06-4EC1-A6CA-AF7B965925D9}"
EndProject
Project("{8BC9CEB8-8B4A-11D0-8D11-00A0C91BC942}") = "Zadanie21", "Zadanie21\Zadanie21.vcxproj", "{DD1A1963-BA5E-4A6A-8EE3-37C06CCC3AC6}"
EndProject
Project("{8BC9CEB8-8B4A-11D0-8D11-00A0C91BC942}") = "Zadanie22", "Zadanie22\Zadanie22.vcxproj", "{64321CD5-6018-4E0D-83BD-7B01EC18A969}"
EndProject
Project("{8BC9CEB8-8B4A-11D0-8D11-00A0C91BC942}") = "Zadanie23-24-25", "Zadanie23\Zadanie23.vcxproj", "{68CEBEFE-F558-4420-BD0B-617CC3965328}"
EndProject
Project("{8BC9CEB8-8B4A-11D0-8D11-00A0C91BC942}") = "Zadanie26", "Zadanie26\Zadanie26.vcxproj", "{ED54BCBA-89D1-4A53-A701-0A901088D84C}"
EndProject
Global
	GlobalSection(SolutionConfigurationPlatforms) = preSolution
		Debug|x64 = Debug|x64
		Debug|x86 = Debug|x86
		Release|x64 = Release|x64
		Release|x86 = Release|x86
	EndGlobalSection
	GlobalSection(ProjectConfigurationPlatforms) = postSolution
		{D2FA5788-3C6D-47BA-9337-95151C8E31F8}.Debug|x64.ActiveCfg = Debug|x64
		{D2FA5788-3C6D-47BA-9337-95151C8E31F8}.Debug|x64.Build.0 = Debug|x64
		{D2FA5788-3C6D-47BA-9337-95151C8E31F8}.Debug|x86.ActiveCfg = Debug|Win32
		{D2FA5788-3C6D-47BA-9337-95151C8E31F8}.Debug|x86.Build.0 = Debug|Win32
		{D2FA5788-3C6D-47BA-9337-95151C8E31F8}.Release|x64.ActiveCfg = Release|x64
		{D2FA5788-3C6D-47BA-9337-95151C8E31F8}.Release|x64.Build.0 = Release|x64
		{D2FA5788-3C6D-47BA-9337-95151C8E31F8}.Release|x86.ActiveCfg = Release|Win32
		{D2FA5788-3C6D-47BA-9337-95151C8E31F8}.Release|x86.Build.0 = Release|Win32
		{6DE771D8-0834-44C0-A255-AF60536D7D13}.Debug|x64.ActiveCfg = Debug|x64
		{6DE771D8-0834-44C0-A255-AF60536D7D13}.Debug|x64.Build.0 = Debug|x64
		{6DE771D8-0834-44C0-A255-AF60536D7D13}.Debug|x86.ActiveCfg = Debug|Win32
		{6DE771D8-0834-44C0-A255-AF60536D7D13}.Debug|x86.Build.0 = Debug|Win32
		{6DE771D8-0834-44C0-A255-AF60536D7D13}.Release|x64.ActiveCfg = Release|x64
		{6DE771D8-0834-44C0-A255-AF60536D7D13}.Release|x64.Build.0 = Release|x64
		{6DE771D8-0834-44C0-A255-AF60536D7D13}.Release|x86.ActiveCfg = Release|Win32
		{6DE771D8-0834-44C0-A255-AF60536D7D13}.Release|x86.Build.0 = Release|Win32
		{B86EAF58-19E1-4593-9DE2-C07C6EBFC939}.Debug|x64.ActiveCfg = Debug|x64
		{B86EAF58-19E1-4593-9DE2-C07C6EBFC939}.Debug|x64.Build.0 = Debug|x64
		{B86EAF58-19E1-4593-9DE2-C07C6EBFC939}.Debug|x86.ActiveCfg = Debug|Win32
		{B86EAF58-19E1-4593-9DE2-C07C6EBFC939}.Debug|x86.Build.0 = Debug|Win32
		{B86EAF58-19E1-4593-9DE2-C07C6EBFC939}.Release|x64.ActiveCfg = Release|x64
		{B86EAF58-19E1-4593-9DE2-C07C6EBFC939}.Release|x64.Build.0 = Release|x64
		{B86EAF58-19E1-4593-9DE2-C07C6EBFC939}.Release|x86.ActiveCfg = Release|Win32
		{B86EAF58-19E1-4593-9DE2-C07C6EBFC939}.Release|x86.Build.0 = Release|Win32
		{5F010A3B-8D21-487A-AE2E-C8BB0F1D5062}.Debug|x64.ActiveCfg = Debug|x64
		{5F010A3B-8D21-487A-AE2E-C8BB0F1D5062}.Debug|x64.Build.0 = Debug|x64
		{5F010A3B-8D21-487A-AE2E-C8BB0F1D5062}.Debug|x86.ActiveCfg = Debug|Win32
		{5F010A3B-8D21-487A-AE2E-C8BB0F1D5062}.Debug|x86.Build.0 = Debug|Win32
		{5F010A3B-8D21-487A-AE2E-C8BB0F1D5062}.Release|x64.ActiveCfg = Release|x64
		{5F010A3B-8D21-487A-AE2E-C8BB0F1D5062}.Release|x64.Build.0 = Release|x64
		{5F010A3B-8D21-487A-AE2E-C8BB0F1D5062}.Release|x86.ActiveCfg = Release|Win32
		{5F010A3B-8D21-487A-AE2E-C8BB0F1D5062}.Release|x86.Build.0 = Release|Win32
		{91D82843-182F-4C5B-A652-6F2D32FEC09D}.Debug|x64.ActiveCfg = Debug|x64
		{91D82843-182F-4C5B-A652-6F2D32FEC09D}.Debug|x64.Build.0 = Debug|x64
		{91D82843-182F-4C5B-A652-6F2D32FEC09D}.Debug|x86.ActiveCfg = Debug|Win32
		{91D82843-182F-4C5B-A652-6F2D32FEC09D}.Debug|x86.Build.0 = Debug|Win32
		{91D82843-182F-4C5B-A652-6F2D32FEC09D}.Release|x64.ActiveCfg = Release|x64
		{91D82843-182F-4C5B-A652-6F2D32FEC09D}.Release|x64.Build.0 = Release|x64
		{91D82843-182F-4C5B-A652-6F2D32FEC09D}.Release|x86.ActiveCfg = Release|Win32
		{91D82843-182F-4C5B-A652-6F2D32FEC09D}.Release|x86.Build.0 = Release|Win32
		{7DD17C05-D956-4AD5-88E6-3EE72BFEB8A3}.Debug|x64.ActiveCfg = Debug|x64
		{7DD17C05-D956-4AD5-88E6-3EE72BFEB8A3}.Debug|x64.Build.0 = Debug|x64
		{7DD17C05-D956-4AD5-88E6-3EE72BFEB8A3}.Debug|x86.ActiveCfg = Debug|Win32
		{7DD17C05-D956-4AD5-88E6-3EE72BFEB8A3}.Debug|x86.Build.0 = Debug|Win32
		{7DD17C05-D956-4AD5-88E6-3EE72BFEB8A3}.Release|x64.ActiveCfg = Release|x64
		{7DD17C05-D956-4AD5-88E6-3EE72BFEB8A3}.Release|x64.Build.0 = Release|x64
		{7DD17C05-D956-4AD5-88E6-3EE72BFEB8A3}.Release|x86.ActiveCfg = Release|Win32
		{7DD17C05-D956-4AD5-88E6-3EE72BFEB8A3}.Release|x86.Build.0 = Release|Win32
		{06B4A4F1-E9ED-4228-90C9-00E3D6EC8CDA}.Debug|x64.ActiveCfg = Debug|x64
		{06B4A4F1-E9ED-4228-90C9-00E3D6EC8CDA}.Debug|x64.Build.0 = Debug|x64
		{06B4A4F1-E9ED-4228-90C9-00E3D6EC8CDA}.Debug|x86.ActiveCfg = Debug|Win32
		{06B4A4F1-E9ED-4228-90C9-00E3D6EC8CDA}.Debug|x86.Build.0 = Debug|Win32
		{06B4A4F1-E9ED-4228-90C9-00E3D6EC8CDA}.Release|x64.ActiveCfg = Release|x64
		{06B4A4F1-E9ED-4228-90C9-00E3D6EC8CDA}.Release|x64.Build.0 = Release|x64
		{06B4A4F1-E9ED-4228-90C9-00E3D6EC8CDA}.Release|x86.ActiveCfg = Release|Win32
		{06B4A4F1-E9ED-4228-90C9-00E3D6EC8CDA}.Release|x86.Build.0 = Release|Win32
		{F171F799-1E35-49E4-8919-9999FFE3433A}.Debug|x64.ActiveCfg = Debug|x64
		{F171F799-1E35-49E4-8919-9999FFE3433A}.Debug|x64.Build.0 = Debug|x64
		{F171F799-1E35-49E4-8919-9999FFE3433A}.Debug|x86.ActiveCfg = Debug|Win32
		{F171F799-1E35-49E4-8919-9999FFE3433A}.Debug|x86.Build.0 = Debug|Win32
		{F171F799-1E35-49E4-8919-9999FFE3433A}.Release|x64.ActiveCfg = Release|x64
		{F171F799-1E35-49E4-8919-9999FFE3433A}.Release|x64.Build.0 = Release|x64
		{F171F799-1E35-49E4-8919-9999FFE3433A}.Release|x86.ActiveCfg = Release|Win32
		{F171F799-1E35-49E4-8919-9999FFE3433A}.Release|x86.Build.0 = Release|Win32
		{6E67CF83-7FB1-42B2-A4AC-1CA600130421}.Debug|x64.ActiveCfg = Debug|x64
		{6E67CF83-7FB1-42B2-A4AC-1CA600130421}.Debug|x64.Build.0 = Debug|x64
		{6E67CF83-7FB1-42B2-A4AC-1CA600130421}.Debug|x86.ActiveCfg = Debug|Win32
		{6E67CF83-7FB1-42B2-A4AC-1CA600130421}.Debug|x86.Build.0 = Debug|Win32
		{6E67CF83-7FB1-42B2-A4AC-1CA600130421}.Release|x64.ActiveCfg = Release|x64
		{6E67CF83-7FB1-42B2-A4AC-1CA600130421}.Release|x64.Build.0 = Release|x64
		{6E67CF83-7FB1-42B2-A4AC-1CA600130421}.Release|x86.ActiveCfg = Release|Win32
		{6E67CF83-7FB1-42B2-A4AC-1CA600130421}.Release|x86.Build.0 = Release|Win32
		{C0079451-24A6-44DA-9442-37E185FFC6B9}.Debug|x64.ActiveCfg = Debug|x64
		{C0079451-24A6-44DA-9442-37E185FFC6B9}.Debug|x64.Build.0 = Debug|x64
		{C0079451-24A6-44DA-9442-37E185FFC6B9}.Debug|x86.ActiveCfg = Debug|Win32
		{C0079451-24A6-44DA-9442-37E185FFC6B9}.Debug|x86.Build.0 = Debug|Win32
		{C0079451-24A6-44DA-9442-37E185FFC6B9}.Release|x64.ActiveCfg = Release|x64
		{C0079451-24A6-44DA-9442-37E185FFC6B9}.Release|x64.Build.0 = Release|x64
		{C0079451-24A6-44DA-9442-37E185FFC6B9}.Release|x86.ActiveCfg = Release|Win32
		{C0079451-24A6-44DA-9442-37E185FFC6B9}.Release|x86.Build.0 = Release|Win32
		{64637E67-0B06-4EC1-A6CA-AF7B965925D9}.Debug|x64.ActiveCfg = Debug|x64
		{64637E67-0B06-4EC1-A6CA-AF7B965925D9}.Debug|x64.Build.0 = Debug|x64
		{64637E67-0B06-4EC1-A6CA-AF7B965925D9}.Debug|x86.ActiveCfg = Debug|Win32
		{64637E67-0B06-4EC1-A6CA-AF7B965925D9}.Debug|x86.Build.0 = Debug|Win32
		{64637E67-0B06-4EC1-A6CA-AF7B965925D9}.Release|x64.ActiveCfg = Release|x64
		{64637E67-0B06-4EC1-A6CA-AF7B965925D9}.Release|x64.Build.0 = Release|x64
		{64637E67-0B06-4EC1-A6CA-AF7B965925D9}.Release|x86.ActiveCfg = Release|Win32
		{64637E67-0B06-4EC1-A6CA-AF7B965925D9}.Release|x86.Build.0 = Release|Win32
		{DD1A1963-BA5E-4A6A-8EE3-37C06CCC3AC6}.Debug|x64.ActiveCfg = Debug|x64
		{DD1A1963-BA5E-4A6A-8EE3-37C06CCC3AC6}.Debug|x64.Build.0 = Debug|x64
		{DD1A1963-BA5E-4A6A-8EE3-37C06CCC3AC6}.Debug|x86.ActiveCfg = Debug|Win32
		{DD1A1963-BA5E-4A6A-8EE3-37C06CCC3AC6}.Debug|x86.Build.0 = Debug|Win32
		{DD1A1963-BA5E-4A6A-8EE3-37C06CCC3AC6}.Release|x64.ActiveCfg = Release|x64
		{DD1A1963-BA5E-4A6A-8EE3-37C06CCC3AC6}.Release|x64.Build.0 = Release|x64
		{DD1A1963-BA5E-4A6A-8EE3-37C06CCC3AC6}.Release|x86.ActiveCfg = Release|Win32
		{DD1A1963-BA5E-4A6A-8EE3-37C06CCC3AC6}.Release|x86.Build.0 = Release|Win32
		{64321CD5-6018-4E0D-83BD-7B01EC18A969}.Debug|x64.ActiveCfg = Debug|x64
		{64321CD5-6018-4E0D-83BD-7B01EC18A969}.Debug|x64.Build.0 = Debug|x64
		{64321CD5-6018-4E0D-83BD-7B01EC18A969}.Debug|x86.ActiveCfg = Debug|Win32
		{64321CD5-6018-4E0D-83BD-7B01EC18A969}.Debug|x86.Build.0 = Debug|Win32
		{64321CD5-6018-4E0D-83BD-7B01EC18A969}.Release|x64.ActiveCfg = Release|x64
		{64321CD5-6018-4E0D-83BD-7B01EC18A969}.Release|x64.Build.0 = Release|x64
		{64321CD5-6018-4E0D-83BD-7B01EC18A969}.Release|x86.ActiveCfg = Release|Win32
		{64321CD5-6018-4E0D-83BD-7B01EC18A969}.Release|x86.Build.0 = Release|Win32
		{68CEBEFE-F558-4420-BD0B-617CC3965328}.Debug|x64.ActiveCfg = Debug|x64
		{68CEBEFE-F558-4420-BD0B-617CC3965328}.Debug|x64.Build.0 = Debug|x64
		{68CEBEFE-F558-4420-BD0B-617CC3965328}.Debug|x86.ActiveCfg = Debug|Win32
		{68CEBEFE-F558-4420-BD0B-617CC3965328}.Debug|x86.Build.0 = Debug|Win32
		{68CEBEFE-F558-4420-BD0B-617CC3965328}.Release|x64.ActiveCfg = Release|x64
		{68CEBEFE-F558-4420-BD0B-617CC3965328}.Release|x64.Build.0 = Release|x64
		{68CEBEFE-F558-4420-BD0B-617CC3965328}.Release|x86.ActiveCfg = Release|Win32
		{68CEBEFE-F558-4420-BD0B-617CC3965328}.Release|x86.Build.0 = Release|Win32
		{ED54BCBA-89D1-4A53-A701-0A901088D84C}.Debug|x64.ActiveCfg = Debug|x64
		{ED54BCBA-89D1-4A53-A701-0A901088D84C}.Debug|x64.Build.0 = Debug|x64
		{ED54BCBA-89D1-4A53-A701-0A901088D84C}.Debug|x86.ActiveCfg = Debug|Win32
		{ED54BCBA-89D1-4A53-A701-0A901088D84C}.Debug|x86.Build.0 = Debug|Win32
		{ED54BCBA-89D1-4A53-A701-0A901088D84C}.Release|x64.ActiveCfg = Release|x64
		{ED54BCBA-89D1-4A53-A701-0A901088D84C}.Release|x64.Build.0 = Release|x64
		{ED54BCBA-89D1-4A53-A701-0A901088D84C}.Release|x86.ActiveCfg = Release|Win32
		{ED54BCBA-89D1-4A53-A701-0A901088D84C}.Release|x86.Build.0 = Release|Win32
	EndGlobalSection
	GlobalSection(SolutionProperties) = preSolution
		HideSolutionNode = FALSE
	EndGlobalSection
EndGlobal
