
Microsoft Visual Studio Solution File, Format Version 12.00
# Visual Studio 14
VisualStudioVersion = 14.0.25420.1
MinimumVisualStudioVersion = 10.0.40219.1
Project("{8BC9CEB8-8B4A-11D0-8D11-00A0C91BC942}") = "Wejsciowka", "ConsoleApplication1\ConsoleApplication1.vcxproj", "{C529471C-1161-45D1-B260-CB1AB486673A}"
EndProject
Project("{8BC9CEB8-8B4A-11D0-8D11-00A0C91BC942}") = "Zadanie20", "Zadanie20\Zadanie20.vcxproj", "{E4A1D1F6-5D3D-43C4-82FC-8562B9A523D0}"
EndProject
Project("{8BC9CEB8-8B4A-11D0-8D11-00A0C91BC942}") = "Zadanie21", "Zadanie21\Zadanie21.vcxproj", "{598A5824-545A-47A2-B71F-02DF6F41BD34}"
EndProject
Project("{8BC9CEB8-8B4A-11D0-8D11-00A0C91BC942}") = "Zadanie23", "Zadanie23\Zadanie23.vcxproj", "{4D8E4C8A-F2A2-4CE6-909B-E7E0FFF140D5}"
EndProject
Project("{8BC9CEB8-8B4A-11D0-8D11-00A0C91BC942}") = "Zadanie24", "Zadanie24\Zadanie24.vcxproj", "{DEE9ADAE-5D43-42BD-A4A9-5AB6B4ECB935}"
EndProject
Project("{8BC9CEB8-8B4A-11D0-8D11-00A0C91BC942}") = "Zadanie25", "Zadanie25\Zadanie25.vcxproj", "{3BC30F00-28B9-41D2-A0D7-5FBBEF86D7EF}"
EndProject
Project("{8BC9CEB8-8B4A-11D0-8D11-00A0C91BC942}") = "Zadanie26", "Zadanie26\Zadanie26.vcxproj", "{0BB16BBD-C91A-49E2-8376-83521DCF0B78}"
EndProject
Project("{8BC9CEB8-8B4A-11D0-8D11-00A0C91BC942}") = "Zadanie2B", "Zadanie2B\Zadanie2B.vcxproj", "{12786B77-E45D-4CE3-8403-DF8CF8220183}"
EndProject
Project("{8BC9CEB8-8B4A-11D0-8D11-00A0C91BC942}") = "ZadaniePowt1", "ZadaniePowt1\ZadaniePowt1.vcxproj", "{8341B6AB-D356-45E6-859E-0BB953DB3DC6}"
EndProject
Project("{8BC9CEB8-8B4A-11D0-8D11-00A0C91BC942}") = "ZadaniePowtPodpkt3-4", "ZadaniePowtPodpkt3-4\ZadaniePowtPodpkt3-4.vcxproj", "{84572136-3D23-4ADC-ACEF-0235746AE52B}"
EndProject
Global
	GlobalSection(SolutionConfigurationPlatforms) = preSolution
		Debug|x64 = Debug|x64
		Debug|x86 = Debug|x86
		Release|x64 = Release|x64
		Release|x86 = Release|x86
	EndGlobalSection
	GlobalSection(ProjectConfigurationPlatforms) = postSolution
		{C529471C-1161-45D1-B260-CB1AB486673A}.Debug|x64.ActiveCfg = Debug|x64
		{C529471C-1161-45D1-B260-CB1AB486673A}.Debug|x64.Build.0 = Debug|x64
		{C529471C-1161-45D1-B260-CB1AB486673A}.Debug|x86.ActiveCfg = Debug|Win32
		{C529471C-1161-45D1-B260-CB1AB486673A}.Debug|x86.Build.0 = Debug|Win32
		{C529471C-1161-45D1-B260-CB1AB486673A}.Release|x64.ActiveCfg = Release|x64
		{C529471C-1161-45D1-B260-CB1AB486673A}.Release|x64.Build.0 = Release|x64
		{C529471C-1161-45D1-B260-CB1AB486673A}.Release|x86.ActiveCfg = Release|Win32
		{C529471C-1161-45D1-B260-CB1AB486673A}.Release|x86.Build.0 = Release|Win32
		{E4A1D1F6-5D3D-43C4-82FC-8562B9A523D0}.Debug|x64.ActiveCfg = Debug|x64
		{E4A1D1F6-5D3D-43C4-82FC-8562B9A523D0}.Debug|x64.Build.0 = Debug|x64
		{E4A1D1F6-5D3D-43C4-82FC-8562B9A523D0}.Debug|x86.ActiveCfg = Debug|Win32
		{E4A1D1F6-5D3D-43C4-82FC-8562B9A523D0}.Debug|x86.Build.0 = Debug|Win32
		{E4A1D1F6-5D3D-43C4-82FC-8562B9A523D0}.Release|x64.ActiveCfg = Release|x64
		{E4A1D1F6-5D3D-43C4-82FC-8562B9A523D0}.Release|x64.Build.0 = Release|x64
		{E4A1D1F6-5D3D-43C4-82FC-8562B9A523D0}.Release|x86.ActiveCfg = Release|Win32
		{E4A1D1F6-5D3D-43C4-82FC-8562B9A523D0}.Release|x86.Build.0 = Release|Win32
		{598A5824-545A-47A2-B71F-02DF6F41BD34}.Debug|x64.ActiveCfg = Debug|x64
		{598A5824-545A-47A2-B71F-02DF6F41BD34}.Debug|x64.Build.0 = Debug|x64
		{598A5824-545A-47A2-B71F-02DF6F41BD34}.Debug|x86.ActiveCfg = Debug|Win32
		{598A5824-545A-47A2-B71F-02DF6F41BD34}.Debug|x86.Build.0 = Debug|Win32
		{598A5824-545A-47A2-B71F-02DF6F41BD34}.Release|x64.ActiveCfg = Release|x64
		{598A5824-545A-47A2-B71F-02DF6F41BD34}.Release|x64.Build.0 = Release|x64
		{598A5824-545A-47A2-B71F-02DF6F41BD34}.Release|x86.ActiveCfg = Release|Win32
		{598A5824-545A-47A2-B71F-02DF6F41BD34}.Release|x86.Build.0 = Release|Win32
		{4D8E4C8A-F2A2-4CE6-909B-E7E0FFF140D5}.Debug|x64.ActiveCfg = Debug|x64
		{4D8E4C8A-F2A2-4CE6-909B-E7E0FFF140D5}.Debug|x64.Build.0 = Debug|x64
		{4D8E4C8A-F2A2-4CE6-909B-E7E0FFF140D5}.Debug|x86.ActiveCfg = Debug|Win32
		{4D8E4C8A-F2A2-4CE6-909B-E7E0FFF140D5}.Debug|x86.Build.0 = Debug|Win32
		{4D8E4C8A-F2A2-4CE6-909B-E7E0FFF140D5}.Release|x64.ActiveCfg = Release|x64
		{4D8E4C8A-F2A2-4CE6-909B-E7E0FFF140D5}.Release|x64.Build.0 = Release|x64
		{4D8E4C8A-F2A2-4CE6-909B-E7E0FFF140D5}.Release|x86.ActiveCfg = Release|Win32
		{4D8E4C8A-F2A2-4CE6-909B-E7E0FFF140D5}.Release|x86.Build.0 = Release|Win32
		{DEE9ADAE-5D43-42BD-A4A9-5AB6B4ECB935}.Debug|x64.ActiveCfg = Debug|x64
		{DEE9ADAE-5D43-42BD-A4A9-5AB6B4ECB935}.Debug|x64.Build.0 = Debug|x64
		{DEE9ADAE-5D43-42BD-A4A9-5AB6B4ECB935}.Debug|x86.ActiveCfg = Debug|Win32
		{DEE9ADAE-5D43-42BD-A4A9-5AB6B4ECB935}.Debug|x86.Build.0 = Debug|Win32
		{DEE9ADAE-5D43-42BD-A4A9-5AB6B4ECB935}.Release|x64.ActiveCfg = Release|x64
		{DEE9ADAE-5D43-42BD-A4A9-5AB6B4ECB935}.Release|x64.Build.0 = Release|x64
		{DEE9ADAE-5D43-42BD-A4A9-5AB6B4ECB935}.Release|x86.ActiveCfg = Release|Win32
		{DEE9ADAE-5D43-42BD-A4A9-5AB6B4ECB935}.Release|x86.Build.0 = Release|Win32
		{3BC30F00-28B9-41D2-A0D7-5FBBEF86D7EF}.Debug|x64.ActiveCfg = Debug|x64
		{3BC30F00-28B9-41D2-A0D7-5FBBEF86D7EF}.Debug|x64.Build.0 = Debug|x64
		{3BC30F00-28B9-41D2-A0D7-5FBBEF86D7EF}.Debug|x86.ActiveCfg = Debug|Win32
		{3BC30F00-28B9-41D2-A0D7-5FBBEF86D7EF}.Debug|x86.Build.0 = Debug|Win32
		{3BC30F00-28B9-41D2-A0D7-5FBBEF86D7EF}.Release|x64.ActiveCfg = Release|x64
		{3BC30F00-28B9-41D2-A0D7-5FBBEF86D7EF}.Release|x64.Build.0 = Release|x64
		{3BC30F00-28B9-41D2-A0D7-5FBBEF86D7EF}.Release|x86.ActiveCfg = Release|Win32
		{3BC30F00-28B9-41D2-A0D7-5FBBEF86D7EF}.Release|x86.Build.0 = Release|Win32
		{0BB16BBD-C91A-49E2-8376-83521DCF0B78}.Debug|x64.ActiveCfg = Debug|x64
		{0BB16BBD-C91A-49E2-8376-83521DCF0B78}.Debug|x64.Build.0 = Debug|x64
		{0BB16BBD-C91A-49E2-8376-83521DCF0B78}.Debug|x86.ActiveCfg = Debug|Win32
		{0BB16BBD-C91A-49E2-8376-83521DCF0B78}.Debug|x86.Build.0 = Debug|Win32
		{0BB16BBD-C91A-49E2-8376-83521DCF0B78}.Release|x64.ActiveCfg = Release|x64
		{0BB16BBD-C91A-49E2-8376-83521DCF0B78}.Release|x64.Build.0 = Release|x64
		{0BB16BBD-C91A-49E2-8376-83521DCF0B78}.Release|x86.ActiveCfg = Release|Win32
		{0BB16BBD-C91A-49E2-8376-83521DCF0B78}.Release|x86.Build.0 = Release|Win32
		{12786B77-E45D-4CE3-8403-DF8CF8220183}.Debug|x64.ActiveCfg = Debug|x64
		{12786B77-E45D-4CE3-8403-DF8CF8220183}.Debug|x64.Build.0 = Debug|x64
		{12786B77-E45D-4CE3-8403-DF8CF8220183}.Debug|x86.ActiveCfg = Debug|Win32
		{12786B77-E45D-4CE3-8403-DF8CF8220183}.Debug|x86.Build.0 = Debug|Win32
		{12786B77-E45D-4CE3-8403-DF8CF8220183}.Release|x64.ActiveCfg = Release|x64
		{12786B77-E45D-4CE3-8403-DF8CF8220183}.Release|x64.Build.0 = Release|x64
		{12786B77-E45D-4CE3-8403-DF8CF8220183}.Release|x86.ActiveCfg = Release|Win32
		{12786B77-E45D-4CE3-8403-DF8CF8220183}.Release|x86.Build.0 = Release|Win32
		{8341B6AB-D356-45E6-859E-0BB953DB3DC6}.Debug|x64.ActiveCfg = Debug|x64
		{8341B6AB-D356-45E6-859E-0BB953DB3DC6}.Debug|x64.Build.0 = Debug|x64
		{8341B6AB-D356-45E6-859E-0BB953DB3DC6}.Debug|x86.ActiveCfg = Debug|Win32
		{8341B6AB-D356-45E6-859E-0BB953DB3DC6}.Debug|x86.Build.0 = Debug|Win32
		{8341B6AB-D356-45E6-859E-0BB953DB3DC6}.Release|x64.ActiveCfg = Release|x64
		{8341B6AB-D356-45E6-859E-0BB953DB3DC6}.Release|x64.Build.0 = Release|x64
		{8341B6AB-D356-45E6-859E-0BB953DB3DC6}.Release|x86.ActiveCfg = Release|Win32
		{8341B6AB-D356-45E6-859E-0BB953DB3DC6}.Release|x86.Build.0 = Release|Win32
		{84572136-3D23-4ADC-ACEF-0235746AE52B}.Debug|x64.ActiveCfg = Debug|x64
		{84572136-3D23-4ADC-ACEF-0235746AE52B}.Debug|x64.Build.0 = Debug|x64
		{84572136-3D23-4ADC-ACEF-0235746AE52B}.Debug|x86.ActiveCfg = Debug|Win32
		{84572136-3D23-4ADC-ACEF-0235746AE52B}.Debug|x86.Build.0 = Debug|Win32
		{84572136-3D23-4ADC-ACEF-0235746AE52B}.Release|x64.ActiveCfg = Release|x64
		{84572136-3D23-4ADC-ACEF-0235746AE52B}.Release|x64.Build.0 = Release|x64
		{84572136-3D23-4ADC-ACEF-0235746AE52B}.Release|x86.ActiveCfg = Release|Win32
		{84572136-3D23-4ADC-ACEF-0235746AE52B}.Release|x86.Build.0 = Release|Win32
	EndGlobalSection
	GlobalSection(SolutionProperties) = preSolution
		HideSolutionNode = FALSE
	EndGlobalSection
EndGlobal
